
Microsoft Visual Studio Solution File, Format Version 12.00
# Visual Studio Version 16
VisualStudioVersion = 16.0.31702.278
MinimumVisualStudioVersion = 10.0.40219.1
Project("{FAE04EC0-301F-11D3-BF4B-00C04F79EFBC}") = "LV2", "LV2\LV2.csproj", "{84661361-6F4E-4194-9FBE-BE5D46EF551A}"
EndProject
Global
	GlobalSection(SolutionConfigurationPlatforms) = preSolution
		Debug|Any CPU = Debug|Any CPU
		Release|Any CPU = Release|Any CPU
	EndGlobalSection
	GlobalSection(ProjectConfigurationPlatforms) = postSolution
		{84661361-6F4E-4194-9FBE-BE5D46EF551A}.Debug|Any CPU.ActiveCfg = Debug|Any CPU
		{84661361-6F4E-4194-9FBE-BE5D46EF551A}.Debug|Any CPU.Build.0 = Debug|Any CPU
		{84661361-6F4E-4194-9FBE-BE5D46EF551A}.Release|Any CPU.ActiveCfg = Release|Any CPU
		{84661361-6F4E-4194-9FBE-BE5D46EF551A}.Release|Any CPU.Build.0 = Release|Any CPU
	EndGlobalSection
	GlobalSection(SolutionProperties) = preSolution
		HideSolutionNode = FALSE
	EndGlobalSection
	GlobalSection(ExtensibilityGlobals) = postSolution
		SolutionGuid = {CC515DB8-DC18-4FB8-B37B-B09831A03F87}
	EndGlobalSection
EndGlobal
